
Microsoft Visual Studio Solution File, Format Version 12.00
# Visual Studio Version 17
VisualStudioVersion = 17.9.34701.34
MinimumVisualStudioVersion = 10.0.40219.1
Project("{2150E333-8FDC-42A3-9474-1A3956D46DE8}") = "Projektmappenelemente", "Projektmappenelemente", "{F6C8B265-FC6B-4141-B1D2-F1B9281AC210}"
	ProjectSection(SolutionItems) = preProject
		rebuild-for-hosting\control.html = rebuild-for-hosting\control.html
		rebuild-for-hosting\games.json = rebuild-for-hosting\games.json
		rebuild-for-hosting\index.html = rebuild-for-hosting\index.html
		rebuild-for-hosting\Logo.png = rebuild-for-hosting\Logo.png
		rebuild-for-hosting\scoreboard.html = rebuild-for-hosting\scoreboard.html
		rebuild-for-hosting\server.py = rebuild-for-hosting\server.py
		rebuild-for-hosting\web.config = rebuild-for-hosting\web.config
	EndProjectSection
EndProject
Global
	GlobalSection(SolutionProperties) = preSolution
		HideSolutionNode = FALSE
	EndGlobalSection
	GlobalSection(ExtensibilityGlobals) = postSolution
		SolutionGuid = {1579B6B7-41E2-4222-B1F2-25B606335B5A}
	EndGlobalSection
EndGlobal
